{
  "name": "App",
  "version": "0.0.1",
  "lockfileVersion": 3,
  "requires": true,
  "packages": {
    "": {
      "name": "App",
      "version": "0.0.1",
      "license": "MIT",
      "dependencies": {
        "total5": "beta"
      }
    },
    "node_modules/total5": {
      "version": "0.0.4-1",
      "resolved": "https://registry.npmjs.org/total5/-/total5-0.0.4-1.tgz",
      "integrity": "sha512-1JWf1dExf4Gkwe+18D0/TGqTe+f4gD1CHqwzBPEXr5HqkO8F8Uk/Rov87opcGTjJjIum03s2fnUPgAIi5dt5NQ==",
      "license": "MIT",
      "bin": {
        "flow5": "bin/flow5",
        "total5": "bin/total5"
      }
    }
  }
}
